// !$*UTF8*$!
{
	archiveVersion = 1;
	classes = {
	};
	objectVersion = 46;
	objects = {

/* Begin PBXBuildFile section */
		69FB77F61EAC6DCB00C1E701 /* AppDelegate.swift in Sources */ = {isa = PBXBuildFile; fileRef = 69FB77F51EAC6DCB00C1E701 /* AppDelegate.swift */; };
		69FB77F81EAC6DCB00C1E701 /* ViewController.swift in Sources */ = {isa = PBXBuildFile; fileRef = 69FB77F71EAC6DCB00C1E701 /* ViewController.swift */; };
		69FB77FB1EAC6DCB00C1E701 /* Main.storyboard in Resources */ = {isa = PBXBuildFile; fileRef = 69FB77F91EAC6DCB00C1E701 /* Main.storyboard */; };
		69FB77FE1EAC6DCB00C1E701 /* EffoTrack.xcdatamodeld in Sources */ = {isa = PBXBuildFile; fileRef = 69FB77FC1EAC6DCB00C1E701 /* EffoTrack.xcdatamodeld */; };
		69FB78001EAC6DCB00C1E701 /* Assets.xcassets in Resources */ = {isa = PBXBuildFile; fileRef = 69FB77FF1EAC6DCB00C1E701 /* Assets.xcassets */; };
		69FB78031EAC6DCB00C1E701 /* LaunchScreen.storyboard in Resources */ = {isa = PBXBuildFile; fileRef = 69FB78011EAC6DCB00C1E701 /* LaunchScreen.storyboard */; };
		69FB780E1EAC6DCB00C1E701 /* EffoTrackTests.swift in Sources */ = {isa = PBXBuildFile; fileRef = 69FB780D1EAC6DCB00C1E701 /* EffoTrackTests.swift */; };
/* End PBXBuildFile section */

/* Begin PBXContainerItemProxy section */
		69FB780A1EAC6DCB00C1E701 /* PBXContainerItemProxy */ = {
			isa = PBXContainerItemProxy;
			containerPortal = 69FB77EA1EAC6DCB00C1E701 /* Project object */;
			proxyType = 1;
			remoteGlobalIDString = 69FB77F11EAC6DCB00C1E701;
			remoteInfo = EffoTrack;
		};
/* End PBXContainerItemProxy section */

/* Begin PBXFileReference section */
		69FB77F21EAC6DCB00C1E701 /* EffoTrack.app */ = {isa = PBXFileReference; explicitFileType = wrapper.application; includeInIndex = 0; path = EffoTrack.app; sourceTree = BUILT_PRODUCTS_DIR; };
		69FB77F51EAC6DCB00C1E701 /* AppDelegate.swift */ = {isa = PBXFileReference; lastKnownFileType = sourcecode.swift; path = AppDelegate.swift; sourceTree = "<group>"; };
		69FB77F71EAC6DCB00C1E701 /* ViewController.swift */ = {isa = PBXFileReference; lastKnownFileType = sourcecode.swift; path = ViewController.swift; sourceTree = "<group>"; };
		69FB77FA1EAC6DCB00C1E701 /* Base */ = {isa = PBXFileReference; lastKnownFileType = file.storyboard; name = Base; path = Base.lproj/Main.storyboard; sourceTree = "<group>"; };
		69FB77FD1EAC6DCB00C1E701 /* EffoTrack.xcdatamodel */ = {isa = PBXFileReference; lastKnownFileType = wrapper.xcdatamodel; path = EffoTrack.xcdatamodel; sourceTree = "<group>"; };
		69FB77FF1EAC6DCB00C1E701 /* Assets.xcassets */ = {isa = PBXFileReference; lastKnownFileType = folder.assetcatalog; path = Assets.xcassets; sourceTree = "<group>"; };
		69FB78021EAC6DCB00C1E701 /* Base */ = {isa = PBXFileReference; lastKnownFileType = file.storyboard; name = Base; path = Base.lproj/LaunchScreen.storyboard; sourceTree = "<group>"; };
		69FB78041EAC6DCB00C1E701 /* Info.plist */ = {isa = PBXFileReference; lastKnownFileType = text.plist.xml; path = Info.plist; sourceTree = "<group>"; };
		69FB78091EAC6DCB00C1E701 /* EffoTrackTests.xctest */ = {isa = PBXFileReference; explicitFileType = wrapper.cfbundle; includeInIndex = 0; path = EffoTrackTests.xctest; sourceTree = BUILT_PRODUCTS_DIR; };
		69FB780D1EAC6DCB00C1E701 /* EffoTrackTests.swift */ = {isa = PBXFileReference; lastKnownFileType = sourcecode.swift; path = EffoTrackTests.swift; sourceTree = "<group>"; };
		69FB780F1EAC6DCB00C1E701 /* Info.plist */ = {isa = PBXFileReference; lastKnownFileType = text.plist.xml; path = Info.plist; sourceTree = "<group>"; };
/* End PBXFileReference section */

/* Begin PBXFrameworksBuildPhase section */
		69FB77EF1EAC6DCB00C1E701 /* Frameworks */ = {
			isa = PBXFrameworksBuildPhase;
			buildActionMask = 2147483647;
			files = (
			);
			runOnlyForDeploymentPostprocessing = 0;
		};
		69FB78061EAC6DCB00C1E701 /* Frameworks */ = {
			isa = PBXFrameworksBuildPhase;
			buildActionMask = 2147483647;
			files = (
			);
			runOnlyForDeploymentPostprocessing = 0;
		};
/* End PBXFrameworksBuildPhase section */

/* Begin PBXGroup section */
		69FB77E91EAC6DCB00C1E701 = {
			isa = PBXGroup;
			children = (
				69FB77F41EAC6DCB00C1E701 /* EffoTrack */,
				69FB780C1EAC6DCB00C1E701 /* EffoTrackTests */,
				69FB77F31EAC6DCB00C1E701 /* Products */,
			);
			sourceTree = "<group>";
		};
		69FB77F31EAC6DCB00C1E701 /* Products */ = {
			isa = PBXGroup;
			children = (
				69FB77F21EAC6DCB00C1E701 /* EffoTrack.app */,
				69FB78091EAC6DCB00C1E701 /* EffoTrackTests.xctest */,
			);
			name = Products;
			sourceTree = "<group>";
		};
		69FB77F41EAC6DCB00C1E701 /* EffoTrack */ = {
			isa = PBXGroup;
			children = (
				69FB77F51EAC6DCB00C1E701 /* AppDelegate.swift */,
				69FB77F71EAC6DCB00C1E701 /* ViewController.swift */,
				69FB77F91EAC6DCB00C1E701 /* Main.storyboard */,
				69FB77FF1EAC6DCB00C1E701 /* Assets.xcassets */,
				69FB78011EAC6DCB00C1E701 /* LaunchScreen.storyboard */,
				69FB78041EAC6DCB00C1E701 /* Info.plist */,
				69FB77FC1EAC6DCB00C1E701 /* EffoTrack.xcdatamodeld */,
			);
			path = EffoTrack;
			sourceTree = "<group>";
		};
		69FB780C1EAC6DCB00C1E701 /* EffoTrackTests */ = {
			isa = PBXGroup;
			children = (
				69FB780D1EAC6DCB00C1E701 /* EffoTrackTests.swift */,
				69FB780F1EAC6DCB00C1E701 /* Info.plist */,
			);
			path = EffoTrackTests;
			sourceTree = "<group>";
		};
/* End PBXGroup section */

/* Begin PBXNativeTarget section */
		69FB77F11EAC6DCB00C1E701 /* EffoTrack */ = {
			isa = PBXNativeTarget;
			buildConfigurationList = 69FB78121EAC6DCB00C1E701 /* Build configuration list for PBXNativeTarget "EffoTrack" */;
			buildPhases = (
				69FB77EE1EAC6DCB00C1E701 /* Sources */,
				69FB77EF1EAC6DCB00C1E701 /* Frameworks */,
				69FB77F01EAC6DCB00C1E701 /* Resources */,
			);
			buildRules = (
			);
			dependencies = (
			);
			name = EffoTrack;
			productName = EffoTrack;
			productReference = 69FB77F21EAC6DCB00C1E701 /* EffoTrack.app */;
			productType = "com.apple.product-type.application";
		};
		69FB78081EAC6DCB00C1E701 /* EffoTrackTests */ = {
			isa = PBXNativeTarget;
			buildConfigurationList = 69FB78151EAC6DCB00C1E701 /* Build configuration list for PBXNativeTarget "EffoTrackTests" */;
			buildPhases = (
				69FB78051EAC6DCB00C1E701 /* Sources */,
				69FB78061EAC6DCB00C1E701 /* Frameworks */,
				69FB78071EAC6DCB00C1E701 /* Resources */,
			);
			buildRules = (
			);
			dependencies = (
				69FB780B1EAC6DCB00C1E701 /* PBXTargetDependency */,
			);
			name = EffoTrackTests;
			productName = EffoTrackTests;
			productReference = 69FB78091EAC6DCB00C1E701 /* EffoTrackTests.xctest */;
			productType = "com.apple.product-type.bundle.unit-test";
		};
/* End PBXNativeTarget section */

/* Begin PBXProject section */
		69FB77EA1EAC6DCB00C1E701 /* Project object */ = {
			isa = PBXProject;
			attributes = {
				LastSwiftUpdateCheck = 0830;
				LastUpgradeCheck = 0830;
				ORGANIZATIONNAME = CodeMonkey;
				TargetAttributes = {
					69FB77F11EAC6DCB00C1E701 = {
						CreatedOnToolsVersion = 8.3.2;
						DevelopmentTeam = Y34L83SDDL;
						ProvisioningStyle = Automatic;
					};
					69FB78081EAC6DCB00C1E701 = {
						CreatedOnToolsVersion = 8.3.2;
						DevelopmentTeam = Y34L83SDDL;
						ProvisioningStyle = Automatic;
						TestTargetID = 69FB77F11EAC6DCB00C1E701;
					};
				};
			};
			buildConfigurationList = 69FB77ED1EAC6DCB00C1E701 /* Build configuration list for PBXProject "EffoTrack" */;
			compatibilityVersion = "Xcode 3.2";
			developmentRegion = English;
			hasScannedForEncodings = 0;
			knownRegions = (
				en,
				Base,
			);
			mainGroup = 69FB77E91EAC6DCB00C1E701;
			productRefGroup = 69FB77F31EAC6DCB00C1E701 /* Products */;
			projectDirPath = "";
			projectRoot = "";
			targets = (
				69FB77F11EAC6DCB00C1E701 /* EffoTrack */,
				69FB78081EAC6DCB00C1E701 /* EffoTrackTests */,
			);
		};
/* End PBXProject section */

/* Begin PBXResourcesBuildPhase section */
		69FB77F01EAC6DCB00C1E701 /* Resources */ = {
			isa = PBXResourcesBuildPhase;
			buildActionMask = 2147483647;
			files = (
				69FB78031EAC6DCB00C1E701 /* LaunchScreen.storyboard in Resources */,
				69FB78001EAC6DCB00C1E701 /* Assets.xcassets in Resources */,
				69FB77FB1EAC6DCB00C1E701 /* Main.storyboard in Resources */,
			);
			runOnlyForDeploymentPostprocessing = 0;
		};
		69FB78071EAC6DCB00C1E701 /* Resources */ = {
			isa = PBXResourcesBuildPhase;
			buildActionMask = 2147483647;
			files = (
			);
			runOnlyForDeploymentPostprocessing = 0;
		};
/* End PBXResourcesBuildPhase section */

/* Begin PBXSourcesBuildPhase section */
		69FB77EE1EAC6DCB00C1E701 /* Sources */ = {
			isa = PBXSourcesBuildPhase;
			buildActionMask = 2147483647;
			files = (
				69FB77FE1EAC6DCB00C1E701 /* EffoTrack.xcdatamodeld in Sources */,
				69FB77F81EAC6DCB00C1E701 /* ViewController.swift in Sources */,
				69FB77F61EAC6DCB00C1E701 /* AppDelegate.swift in Sources */,
			);
			runOnlyForDeploymentPostprocessing = 0;
		};
		69FB78051EAC6DCB00C1E701 /* Sources */ = {
			isa = PBXSourcesBuildPhase;
			buildActionMask = 2147483647;
			files = (
				69FB780E1EAC6DCB00C1E701 /* EffoTrackTests.swift in Sources */,
			);
			runOnlyForDeploymentPostprocessing = 0;
		};
/* End PBXSourcesBuildPhase section */

/* Begin PBXTargetDependency section */
		69FB780B1EAC6DCB00C1E701 /* PBXTargetDependency */ = {
			isa = PBXTargetDependency;
			target = 69FB77F11EAC6DCB00C1E701 /* EffoTrack */;
			targetProxy = 69FB780A1EAC6DCB00C1E701 /* PBXContainerItemProxy */;
		};
/* End PBXTargetDependency section */

/* Begin PBXVariantGroup section */
		69FB77F91EAC6DCB00C1E701 /* Main.storyboard */ = {
			isa = PBXVariantGroup;
			children = (
				69FB77FA1EAC6DCB00C1E701 /* Base */,
			);
			name = Main.storyboard;
			sourceTree = "<group>";
		};
		69FB78011EAC6DCB00C1E701 /* LaunchScreen.storyboard */ = {
			isa = PBXVariantGroup;
			children = (
				69FB78021EAC6DCB00C1E701 /* Base */,
			);
			name = LaunchScreen.storyboard;
			sourceTree = "<group>";
		};
/* End PBXVariantGroup section */

/* Begin XCBuildConfiguration section */
		69FB78101EAC6DCB00C1E701 /* Debug */ = {
			isa = XCBuildConfiguration;
			buildSettings = {
				ALWAYS_SEARCH_USER_PATHS = NO;
				CLANG_ANALYZER_NONNULL = YES;
				CLANG_ANALYZER_NUMBER_OBJECT_CONVERSION = YES_AGGRESSIVE;
				CLANG_CXX_LANGUAGE_STANDARD = "gnu++0x";
				CLANG_CXX_LIBRARY = "libc++";
				CLANG_ENABLE_MODULES = YES;
				CLANG_ENABLE_OBJC_ARC = YES;
				CLANG_WARN_BOOL_CONVERSION = YES;
				CLANG_WARN_CONSTANT_CONVERSION = YES;
				CLANG_WARN_DIRECT_OBJC_ISA_USAGE = YES_ERROR;
				CLANG_WARN_DOCUMENTATION_COMMENTS = YES;
				CLANG_WARN_EMPTY_BODY = YES;
				CLANG_WARN_ENUM_CONVERSION = YES;
				CLANG_WARN_INFINITE_RECURSION = YES;
				CLANG_WARN_INT_CONVERSION = YES;
				CLANG_WARN_OBJC_ROOT_CLASS = YES_ERROR;
				CLANG_WARN_SUSPICIOUS_MOVE = YES;
				CLANG_WARN_UNREACHABLE_CODE = YES;
				CLANG_WARN__DUPLICATE_METHOD_MATCH = YES;
				"CODE_SIGN_IDENTITY[sdk=iphoneos*]" = "iPhone Developer";
				COPY_PHASE_STRIP = NO;
				DEBUG_INFORMATION_FORMAT = dwarf;
				ENABLE_STRICT_OBJC_MSGSEND = YES;
				ENABLE_TESTABILITY = YES;
				GCC_C_LANGUAGE_STANDARD = gnu99;
				GCC_DYNAMIC_NO_PIC = NO;
				GCC_NO_COMMON_BLOCKS = YES;
				GCC_OPTIMIZATION_LEVEL = 0;
				GCC_PREPROCESSOR_DEFINITIONS = (
					"DEBUG=1",
					"$(inherited)",
				);
				GCC_WARN_64_TO_32_BIT_CONVERSION = YES;
				GCC_WARN_ABOUT_RETURN_TYPE = YES_ERROR;
				GCC_WARN_UNDECLARED_SELECTOR = YES;
				GCC_WARN_UNINITIALIZED_AUTOS = YES_AGGRESSIVE;
				GCC_WARN_UNUSED_FUNCTION = YES;
				GCC_WARN_UNUSED_VARIABLE = YES;
				IPHONEOS_DEPLOYMENT_TARGET = 10.3;
				MTL_ENABLE_DEBUG_INFO = YES;
				ONLY_ACTIVE_ARCH = YES;
				SDKROOT = iphoneos;
				SWIFT_ACTIVE_COMPILATION_CONDITIONS = DEBUG;
				SWIFT_OPTIMIZATION_LEVEL = "-Onone";
			};
			name = Debug;
		};
		69FB78111EAC6DCB00C1E701 /* Release */ = {
			isa = XCBuildConfiguration;
			buildSettings = {
				ALWAYS_SEARCH_USER_PATHS = NO;
				CLANG_ANALYZER_NONNULL = YES;
				CLANG_ANALYZER_NUMBER_OBJECT_CONVERSION = YES_AGGRESSIVE;
				CLANG_CXX_LANGUAGE_STANDARD = "gnu++0x";
				CLANG_CXX_LIBRARY = "libc++";
				CLANG_ENABLE_MODULES = YES;
				CLANG_ENABLE_OBJC_ARC = YES;
				CLANG_WARN_BOOL_CONVERSION = YES;
				CLANG_WARN_CONSTANT_CONVERSION = YES;
				CLANG_WARN_DIRECT_OBJC_ISA_USAGE = YES_ERROR;
				CLANG_WARN_DOCUMENTATION_COMMENTS = YES;
				CLANG_WARN_EMPTY_BODY = YES;
				CLANG_WARN_ENUM_CONVERSION = YES;
				CLANG_WARN_INFINITE_RECURSION = YES;
				CLANG_WARN_INT_CONVERSION = YES;
				CLANG_WARN_OBJC_ROOT_CLASS = YES_ERROR;
				CLANG_WARN_SUSPICIOUS_MOVE = YES;
				CLANG_WARN_UNREACHABLE_CODE = YES;
				CLANG_WARN__DUPLICATE_METHOD_MATCH = YES;
				"CODE_SIGN_IDENTITY[sdk=iphoneos*]" = "iPhone Developer";
				COPY_PHASE_STRIP = NO;
				DEBUG_INFORMATION_FORMAT = "dwarf-with-dsym";
				ENABLE_NS_ASSERTIONS = NO;
				ENABLE_STRICT_OBJC_MSGSEND = YES;
				GCC_C_LANGUAGE_STANDARD = gnu99;
				GCC_NO_COMMON_BLOCKS = YES;
				GCC_WARN_64_TO_32_BIT_CONVERSION = YES;
				GCC_WARN_ABOUT_RETURN_TYPE = YES_ERROR;
				GCC_WARN_UNDECLARED_SELECTOR = YES;
				GCC_WARN_UNINITIALIZED_AUTOS = YES_AGGRESSIVE;
				GCC_WARN_UNUSED_FUNCTION = YES;
				GCC_WARN_UNUSED_VARIABLE = YES;
				IPHONEOS_DEPLOYMENT_TARGET = 10.3;
				MTL_ENABLE_DEBUG_INFO = NO;
				SDKROOT = iphoneos;
				SWIFT_OPTIMIZATION_LEVEL = "-Owholemodule";
				VALIDATE_PRODUCT = YES;
			};
			name = Release;
		};
		69FB78131EAC6DCB00C1E701 /* Debug */ = {
			isa = XCBuildConfiguration;
			buildSettings = {
				ASSETCATALOG_COMPILER_APPICON_NAME = AppIcon;
				DEVELOPMENT_TEAM = Y34L83SDDL;
				INFOPLIST_FILE = EffoTrack/Info.plist;
				LD_RUNPATH_SEARCH_PATHS = "$(inherited) @executable_path/Frameworks";
				PRODUCT_BUNDLE_IDENTIFIER = com.codemonky.EffoTrack;
				PRODUCT_NAME = "$(TARGET_NAME)";
				SWIFT_VERSION = 3.0;
			};
			name = Debug;
		};
		69FB78141EAC6DCB00C1E701 /* Release */ = {
			isa = XCBuildConfiguration;
			buildSettings = {
				ASSETCATALOG_COMPILER_APPICON_NAME = AppIcon;
				DEVELOPMENT_TEAM = Y34L83SDDL;
				INFOPLIST_FILE = EffoTrack/Info.plist;
				LD_RUNPATH_SEARCH_PATHS = "$(inherited) @executable_path/Frameworks";
				PRODUCT_BUNDLE_IDENTIFIER = com.codemonky.EffoTrack;
				PRODUCT_NAME = "$(TARGET_NAME)";
				SWIFT_VERSION = 3.0;
			};
			name = Release;
		};
		69FB78161EAC6DCB00C1E701 /* Debug */ = {
			isa = XCBuildConfiguration;
			buildSettings = {
				ALWAYS_EMBED_SWIFT_STANDARD_LIBRARIES = YES;
				BUNDLE_LOADER = "$(TEST_HOST)";
				DEVELOPMENT_TEAM = Y34L83SDDL;
				INFOPLIST_FILE = EffoTrackTests/Info.plist;
				LD_RUNPATH_SEARCH_PATHS = "$(inherited) @executable_path/Frameworks @loader_path/Frameworks";
				PRODUCT_BUNDLE_IDENTIFIER = com.codemonky.EffoTrackTests;
				PRODUCT_NAME = "$(TARGET_NAME)";
				SWIFT_VERSION = 3.0;
				TEST_HOST = "$(BUILT_PRODUCTS_DIR)/EffoTrack.app/EffoTrack";
			};
			name = Debug;
		};
		69FB78171EAC6DCB00C1E701 /* Release */ = {
			isa = XCBuildConfiguration;
			buildSettings = {
				ALWAYS_EMBED_SWIFT_STANDARD_LIBRARIES = YES;
				BUNDLE_LOADER = "$(TEST_HOST)";
				DEVELOPMENT_TEAM = Y34L83SDDL;
				INFOPLIST_FILE = EffoTrackTests/Info.plist;
				LD_RUNPATH_SEARCH_PATHS = "$(inherited) @executable_path/Frameworks @loader_path/Frameworks";
				PRODUCT_BUNDLE_IDENTIFIER = com.codemonky.EffoTrackTests;
				PRODUCT_NAME = "$(TARGET_NAME)";
				SWIFT_VERSION = 3.0;
				TEST_HOST = "$(BUILT_PRODUCTS_DIR)/EffoTrack.app/EffoTrack";
			};
			name = Release;
		};
/* End XCBuildConfiguration section */

/* Begin XCConfigurationList section */
		69FB77ED1EAC6DCB00C1E701 /* Build configuration list for PBXProject "EffoTrack" */ = {
			isa = XCConfigurationList;
			buildConfigurations = (
				69FB78101EAC6DCB00C1E701 /* Debug */,
				69FB78111EAC6DCB00C1E701 /* Release */,
			);
			defaultConfigurationIsVisible = 0;
			defaultConfigurationName = Release;
		};
		69FB78121EAC6DCB00C1E701 /* Build configuration list for PBXNativeTarget "EffoTrack" */ = {
			isa = XCConfigurationList;
			buildConfigurations = (
				69FB78131EAC6DCB00C1E701 /* Debug */,
				69FB78141EAC6DCB00C1E701 /* Release */,
			);
			defaultConfigurationIsVisible = 0;
		};
		69FB78151EAC6DCB00C1E701 /* Build configuration list for PBXNativeTarget "EffoTrackTests" */ = {
			isa = XCConfigurationList;
			buildConfigurations = (
				69FB78161EAC6DCB00C1E701 /* Debug */,
				69FB78171EAC6DCB00C1E701 /* Release */,
			);
			defaultConfigurationIsVisible = 0;
		};
/* End XCConfigurationList section */

/* Begin XCVersionGroup section */
		69FB77FC1EAC6DCB00C1E701 /* EffoTrack.xcdatamodeld */ = {
			isa = XCVersionGroup;
			children = (
				69FB77FD1EAC6DCB00C1E701 /* EffoTrack.xcdatamodel */,
			);
			currentVersion = 69FB77FD1EAC6DCB00C1E701 /* EffoTrack.xcdatamodel */;
			path = EffoTrack.xcdatamodeld;
			sourceTree = "<group>";
			versionGroupType = wrapper.xcdatamodel;
		};
/* End XCVersionGroup section */
	};
	rootObject = 69FB77EA1EAC6DCB00C1E701 /* Project object */;
}
